// !$*UTF8*$!
{
	archiveVersion = 1;
	classes = {
	};
	objectVersion = 77;
	objects = {

/* Begin PBXBuildFile section */
		0530E5793E17B5BFB15E808A /* Automation.swift in Sources */ = {isa = PBXBuildFile; fileRef = 7BF62094FF29193B33EC7009 /* Automation.swift */; };
		07ED817585C2EE9A5E11C851 /* HistoryView.swift in Sources */ = {isa = PBXBuildFile; fileRef = C433FADB27AED6165D3EE2E4 /* HistoryView.swift */; };
		08D9C00F453EE16A24DC9C84 /* FilesView.swift in Sources */ = {isa = PBXBuildFile; fileRef = 8D9C3868787C973C5B65DFCD /* FilesView.swift */; };
		094CD000ADB23893099CC839 /* WorkerPillView.swift in Sources */ = {isa = PBXBuildFile; fileRef = 2A514C239AAC192BD2AE8038 /* WorkerPillView.swift */; };
		0D00520E1A6F2454E3B18A7F /* AnyCodable.swift in Sources */ = {isa = PBXBuildFile; fileRef = E4CA8C69928B3838868EE34A /* AnyCodable.swift */; };
		110C67FF7A62B86FB7AD4CD0 /* NetworkMonitor.swift in Sources */ = {isa = PBXBuildFile; fileRef = EFD2C112534D498211B26C38 /* NetworkMonitor.swift */; };
		1750DD5DC204F7506E885D83 /* WorkspacesView.swift in Sources */ = {isa = PBXBuildFile; fileRef = 384691169D9EC024B03AA57F /* WorkspacesView.swift */; };
		2BBA61051DFCB7A780604B87 /* NetworkResilienceTests.swift in Sources */ = {isa = PBXBuildFile; fileRef = 1828D2FC9160FC8677E10502 /* NetworkResilienceTests.swift */; };
		3481363ED532A70935FA6B9E /* ChatHistoryReducer.swift in Sources */ = {isa = PBXBuildFile; fileRef = F77025B7F25E968FE5757E18 /* ChatHistoryReducer.swift */; };
		3A706E457E3E27DA1B69E152 /* Assets.xcassets in Resources */ = {isa = PBXBuildFile; fileRef = 750C4C8090EAD0168794EEE4 /* Assets.xcassets */; };
		40C09530EC6F9C083B5474C4 /* GlassButton.swift in Sources */ = {isa = PBXBuildFile; fileRef = D81DFFD4B67ABE07FB546B2B /* GlassButton.swift */; };
		46420BF679A3BD9FD381FB0A /* ModelTests.swift in Sources */ = {isa = PBXBuildFile; fileRef = 7559F3F4553AD74130B1BC34 /* ModelTests.swift */; };
		48ADF499E7EE67D254FBE45A /* LoadingView.swift in Sources */ = {isa = PBXBuildFile; fileRef = 4CC2B6E9848FF220F103DED2 /* LoadingView.swift */; };
		4A639CAB6EE0ED8079A721C2 /* ToolUIView.swift in Sources */ = {isa = PBXBuildFile; fileRef = FF491A4406AFF7E284592477 /* ToolUIView.swift */; };
		4F14A189BFE75A1CA225B797 /* Workspace.swift in Sources */ = {isa = PBXBuildFile; fileRef = 97D6534BE4C1B5E0BEA90A5A /* Workspace.swift */; };
		50EBDCFBA58915481F5EC995 /* FidoApprovalOverlay.swift in Sources */ = {isa = PBXBuildFile; fileRef = 62B73495CB5FE8A01851005A /* FidoApprovalOverlay.swift */; };
		51E9D9F51934DFC8EAD58CDC /* QueueSheet.swift in Sources */ = {isa = PBXBuildFile; fileRef = 8EAAE29E81F160F8E8409B7D /* QueueSheet.swift */; };
		58D2BEEDF2B4B34B3B98487C /* ToolUIOptionListView.swift in Sources */ = {isa = PBXBuildFile; fileRef = FCD083A671640B2F286D7C06 /* ToolUIOptionListView.swift */; };
		5D1FB1BE4D58CC95A500B684 /* ControlView.swift in Sources */ = {isa = PBXBuildFile; fileRef = D2E4AC8C92D9F496B8152B8F /* ControlView.swift */; };
		66E208F9D4759B79ED653374 /* ContentView.swift in Sources */ = {isa = PBXBuildFile; fileRef = 3B74AB5DF6829813AE79229D /* ContentView.swift */; };
		6846AB79778CDF4CC216B7D1 /* SandboxedDashboardApp.swift in Sources */ = {isa = PBXBuildFile; fileRef = 8080D5ADF84794AFE484FE17 /* SandboxedDashboardApp.swift */; };
		692C694570F45D74CCBAC75B /* TerminalState.swift in Sources */ = {isa = PBXBuildFile; fileRef = 6922E2F0E17EDB3A8400D473 /* TerminalState.swift */; };
		6A15DF1CBD6B0A3716B9FE94 /* WorkerSheetView.swift in Sources */ = {isa = PBXBuildFile; fileRef = 081ACA60E04DBCB6E7313072 /* WorkerSheetView.swift */; };
		708B491B7A83A6648C03CA8A /* WorkerPeekView.swift in Sources */ = {isa = PBXBuildFile; fileRef = 1FF9A2A12846A5FFB3FC7497 /* WorkerPeekView.swift */; };
		71559C7052796FED7EBACF3F /* Theme.swift in Sources */ = {isa = PBXBuildFile; fileRef = 018CEF52A93FCF430A128017 /* Theme.swift */; };
		7E46D4311CFAF1F7A90E9AAD /* APIService.swift in Sources */ = {isa = PBXBuildFile; fileRef = 55F4658A2D65748FC7AC5DE3 /* APIService.swift */; };
		7EF75A17733EE6E54126C7A7 /* ThemeTests.swift in Sources */ = {isa = PBXBuildFile; fileRef = 0C2AB7D53F29AB97345FA4DA /* ThemeTests.swift */; };
		8573A897FBBC1697AE1AA7BA /* DesktopStreamView.swift in Sources */ = {isa = PBXBuildFile; fileRef = 880FCB82E3B58C3C3C6DABD6 /* DesktopStreamView.swift */; };
		85E2D1C0C810F9A6435F06AE /* ImageMemoryCache.swift in Sources */ = {isa = PBXBuildFile; fileRef = 1C4A3F89D6619F821ED8143D /* ImageMemoryCache.swift */; };
		8CFF9CE3602771549F982D58 /* SlashCommandSuggestions.swift in Sources */ = {isa = PBXBuildFile; fileRef = C4B973A9078E4E085D489E93 /* SlashCommandSuggestions.swift */; };
		92B85FBB5B9B4B0F6ECFCFFA /* ANSIParser.swift in Sources */ = {isa = PBXBuildFile; fileRef = D9E023EEFFFA9B1092B66006 /* ANSIParser.swift */; };
		9380357DC269257F9E693388 /* NavigationState.swift in Sources */ = {isa = PBXBuildFile; fileRef = EB3EDA65C036030CC45BAD0E /* NavigationState.swift */; };
		95B7AB5DBEB42E107EBE06FB /* RunningMissionsBar.swift in Sources */ = {isa = PBXBuildFile; fileRef = A636998B83DD23C5D2688C2D /* RunningMissionsBar.swift */; };
		9C775C43A7241C017EF4484D /* ToolUIDataTableView.swift in Sources */ = {isa = PBXBuildFile; fileRef = F53686D00374BEDA33228269 /* ToolUIDataTableView.swift */; };
		9F25FE105BF6D4B40CCFD938 /* AutoApprovalRulesView.swift in Sources */ = {isa = PBXBuildFile; fileRef = 22EA3B4E94755F7712ED534F /* AutoApprovalRulesView.swift */; };
		9F85D6D0E63005146E29B331 /* ToolUIModels.swift in Sources */ = {isa = PBXBuildFile; fileRef = B920E504080EAEEA7CFD5201 /* ToolUIModels.swift */; };
		A9B4F30DDAD9DBAEB009F77B /* SettingsView.swift in Sources */ = {isa = PBXBuildFile; fileRef = 8600F588B036A2D57AEC9FC6 /* SettingsView.swift */; };
		B2C28CDD378203A229D62B9B /* PhosphorIcon.swift in Sources */ = {isa = PBXBuildFile; fileRef = D17889CB07B4A4285DD87C30 /* PhosphorIcon.swift */; };
		B3680EB29951C459A8C8A35A /* DesktopStreamService.swift in Sources */ = {isa = PBXBuildFile; fileRef = 3BE62F9666647C1F41F15251 /* DesktopStreamService.swift */; };
		B6263AC356BE51962E2D0145 /* ChatMessage.swift in Sources */ = {isa = PBXBuildFile; fileRef = 370F364BA05D1236D9B630AB /* ChatMessage.swift */; };
		BAA09895377937393FF864A7 /* Mission.swift in Sources */ = {isa = PBXBuildFile; fileRef = 0C6DBBABC4AE0FD4368A185C /* Mission.swift */; };
		BFD7D29C1F46E9F130A05F34 /* BackendAgentService.swift in Sources */ = {isa = PBXBuildFile; fileRef = F6993AD59CA0D7392AAACDC2 /* BackendAgentService.swift */; };
		C159E476E057E6691D1E0E85 /* GlassCard.swift in Sources */ = {isa = PBXBuildFile; fileRef = 27F5D3EB21B6FF298AF5CD32 /* GlassCard.swift */; };
		C7C23F6559C34034D1680FC2 /* FileEntry.swift in Sources */ = {isa = PBXBuildFile; fileRef = 492E8CF2E0A3AEF64A472C85 /* FileEntry.swift */; };
		CA5C6851DB279D7305EF2A91 /* StatusBadge.swift in Sources */ = {isa = PBXBuildFile; fileRef = 28244CFFEB655FD5E5F3EB17 /* StatusBadge.swift */; };
		D057B578B2884C4B2B36B1C3 /* FidoApprovalState.swift in Sources */ = {isa = PBXBuildFile; fileRef = 8EB13B92B70F6884D323E5FF /* FidoApprovalState.swift */; };
		D0646F9EE2D2E984F0446C57 /* NewMissionSheet.swift in Sources */ = {isa = PBXBuildFile; fileRef = 1834CB7B575220FDE7679F7B /* NewMissionSheet.swift */; };
		D5968B6DE2272A9C8C3A4A0E /* AutomationsView.swift in Sources */ = {isa = PBXBuildFile; fileRef = 2A33016C6075CC02E61C315A /* AutomationsView.swift */; };
		DEEC0DB78E50196BEEA6AFC1 /* TerminalView.swift in Sources */ = {isa = PBXBuildFile; fileRef = AABA66FA1F19D379397ABA68 /* TerminalView.swift */; };
		EB7DDF2652018CBEBD1D3F52 /* WorkspaceState.swift in Sources */ = {isa = PBXBuildFile; fileRef = ADBAC1664CAF3CD9DCCDB8B4 /* WorkspaceState.swift */; };
		F14B1635CFA8338A1C733CAD /* MarkdownView.swift in Sources */ = {isa = PBXBuildFile; fileRef = 76082CCC47D9D91308F4AE10 /* MarkdownView.swift */; };
		F6B883AB96DE0FFF99A2A614 /* Backend.swift in Sources */ = {isa = PBXBuildFile; fileRef = CAC389FA8B9B5C969E606A22 /* Backend.swift */; };
		FBDD57881D09ECF86F7152EE /* ControlPerformanceDiagnostics.swift in Sources */ = {isa = PBXBuildFile; fileRef = C0E02066E781D088A194C232 /* ControlPerformanceDiagnostics.swift */; };
		FF9AD27CB2EDBA4E942F09D4 /* FidoSignRequest.swift in Sources */ = {isa = PBXBuildFile; fileRef = CCD9630B60B3E470E64B1AB4 /* FidoSignRequest.swift */; };
/* End PBXBuildFile section */

/* Begin PBXContainerItemProxy section */
		30D2F203A820EED8B3DE2898 /* PBXContainerItemProxy */ = {
			isa = PBXContainerItemProxy;
			containerPortal = 89907ABAA4D1648BF3F7ADB0 /* Project object */;
			proxyType = 1;
			remoteGlobalIDString = AAACA90456A4A22561940B6B;
			remoteInfo = SandboxedDashboard;
		};
/* End PBXContainerItemProxy section */

/* Begin PBXFileReference section */
		018CEF52A93FCF430A128017 /* Theme.swift */ = {isa = PBXFileReference; lastKnownFileType = sourcecode.swift; path = Theme.swift; sourceTree = "<group>"; };
		081ACA60E04DBCB6E7313072 /* WorkerSheetView.swift */ = {isa = PBXFileReference; lastKnownFileType = sourcecode.swift; path = WorkerSheetView.swift; sourceTree = "<group>"; };
		0C2AB7D53F29AB97345FA4DA /* ThemeTests.swift */ = {isa = PBXFileReference; lastKnownFileType = sourcecode.swift; path = ThemeTests.swift; sourceTree = "<group>"; };
		0C6DBBABC4AE0FD4368A185C /* Mission.swift */ = {isa = PBXFileReference; lastKnownFileType = sourcecode.swift; path = Mission.swift; sourceTree = "<group>"; };
		1828D2FC9160FC8677E10502 /* NetworkResilienceTests.swift */ = {isa = PBXFileReference; lastKnownFileType = sourcecode.swift; path = NetworkResilienceTests.swift; sourceTree = "<group>"; };
		1834CB7B575220FDE7679F7B /* NewMissionSheet.swift */ = {isa = PBXFileReference; lastKnownFileType = sourcecode.swift; path = NewMissionSheet.swift; sourceTree = "<group>"; };
		1C19E1741AE5E4A19BDAAB98 /* SandboxedDashboard.app */ = {isa = PBXFileReference; includeInIndex = 0; lastKnownFileType = wrapper.application; path = SandboxedDashboard.app; sourceTree = BUILT_PRODUCTS_DIR; };
		1C4A3F89D6619F821ED8143D /* ImageMemoryCache.swift */ = {isa = PBXFileReference; lastKnownFileType = sourcecode.swift; path = ImageMemoryCache.swift; sourceTree = "<group>"; };
		1FF9A2A12846A5FFB3FC7497 /* WorkerPeekView.swift */ = {isa = PBXFileReference; lastKnownFileType = sourcecode.swift; path = WorkerPeekView.swift; sourceTree = "<group>"; };
		22EA3B4E94755F7712ED534F /* AutoApprovalRulesView.swift */ = {isa = PBXFileReference; lastKnownFileType = sourcecode.swift; path = AutoApprovalRulesView.swift; sourceTree = "<group>"; };
		27F5D3EB21B6FF298AF5CD32 /* GlassCard.swift */ = {isa = PBXFileReference; lastKnownFileType = sourcecode.swift; path = GlassCard.swift; sourceTree = "<group>"; };
		28244CFFEB655FD5E5F3EB17 /* StatusBadge.swift */ = {isa = PBXFileReference; lastKnownFileType = sourcecode.swift; path = StatusBadge.swift; sourceTree = "<group>"; };
		2A33016C6075CC02E61C315A /* AutomationsView.swift */ = {isa = PBXFileReference; lastKnownFileType = sourcecode.swift; path = AutomationsView.swift; sourceTree = "<group>"; };
		2A514C239AAC192BD2AE8038 /* WorkerPillView.swift */ = {isa = PBXFileReference; lastKnownFileType = sourcecode.swift; path = WorkerPillView.swift; sourceTree = "<group>"; };
		305649B3AA9B35712500F01B /* SandboxedDashboard.entitlements */ = {isa = PBXFileReference; lastKnownFileType = text.plist.entitlements; path = SandboxedDashboard.entitlements; sourceTree = "<group>"; };
		370F364BA05D1236D9B630AB /* ChatMessage.swift */ = {isa = PBXFileReference; lastKnownFileType = sourcecode.swift; path = ChatMessage.swift; sourceTree = "<group>"; };
		384691169D9EC024B03AA57F /* WorkspacesView.swift */ = {isa = PBXFileReference; lastKnownFileType = sourcecode.swift; path = WorkspacesView.swift; sourceTree = "<group>"; };
		3B74AB5DF6829813AE79229D /* ContentView.swift */ = {isa = PBXFileReference; lastKnownFileType = sourcecode.swift; path = ContentView.swift; sourceTree = "<group>"; };
		3BE62F9666647C1F41F15251 /* DesktopStreamService.swift */ = {isa = PBXFileReference; lastKnownFileType = sourcecode.swift; path = DesktopStreamService.swift; sourceTree = "<group>"; };
		4802677F01F1504267EC2BE2 /* SandboxedDashboardTests.xctest */ = {isa = PBXFileReference; includeInIndex = 0; lastKnownFileType = wrapper.cfbundle; path = SandboxedDashboardTests.xctest; sourceTree = BUILT_PRODUCTS_DIR; };
		492E8CF2E0A3AEF64A472C85 /* FileEntry.swift */ = {isa = PBXFileReference; lastKnownFileType = sourcecode.swift; path = FileEntry.swift; sourceTree = "<group>"; };
		4CC2B6E9848FF220F103DED2 /* LoadingView.swift */ = {isa = PBXFileReference; lastKnownFileType = sourcecode.swift; path = LoadingView.swift; sourceTree = "<group>"; };
		55F4658A2D65748FC7AC5DE3 /* APIService.swift */ = {isa = PBXFileReference; lastKnownFileType = sourcecode.swift; path = APIService.swift; sourceTree = "<group>"; };
		62B73495CB5FE8A01851005A /* FidoApprovalOverlay.swift */ = {isa = PBXFileReference; lastKnownFileType = sourcecode.swift; path = FidoApprovalOverlay.swift; sourceTree = "<group>"; };
		6922E2F0E17EDB3A8400D473 /* TerminalState.swift */ = {isa = PBXFileReference; lastKnownFileType = sourcecode.swift; path = TerminalState.swift; sourceTree = "<group>"; };
		750C4C8090EAD0168794EEE4 /* Assets.xcassets */ = {isa = PBXFileReference; lastKnownFileType = folder.assetcatalog; path = Assets.xcassets; sourceTree = "<group>"; };
		7559F3F4553AD74130B1BC34 /* ModelTests.swift */ = {isa = PBXFileReference; lastKnownFileType = sourcecode.swift; path = ModelTests.swift; sourceTree = "<group>"; };
		76082CCC47D9D91308F4AE10 /* MarkdownView.swift */ = {isa = PBXFileReference; lastKnownFileType = sourcecode.swift; path = MarkdownView.swift; sourceTree = "<group>"; };
		778CFF752239E44DB252DB96 /* Info.plist */ = {isa = PBXFileReference; lastKnownFileType = text.plist; path = Info.plist; sourceTree = "<group>"; };
		7BF62094FF29193B33EC7009 /* Automation.swift */ = {isa = PBXFileReference; lastKnownFileType = sourcecode.swift; path = Automation.swift; sourceTree = "<group>"; };
		8080D5ADF84794AFE484FE17 /* SandboxedDashboardApp.swift */ = {isa = PBXFileReference; lastKnownFileType = sourcecode.swift; path = SandboxedDashboardApp.swift; sourceTree = "<group>"; };
		8600F588B036A2D57AEC9FC6 /* SettingsView.swift */ = {isa = PBXFileReference; lastKnownFileType = sourcecode.swift; path = SettingsView.swift; sourceTree = "<group>"; };
		880FCB82E3B58C3C3C6DABD6 /* DesktopStreamView.swift */ = {isa = PBXFileReference; lastKnownFileType = sourcecode.swift; path = DesktopStreamView.swift; sourceTree = "<group>"; };
		8D9C3868787C973C5B65DFCD /* FilesView.swift */ = {isa = PBXFileReference; lastKnownFileType = sourcecode.swift; path = FilesView.swift; sourceTree = "<group>"; };
		8EAAE29E81F160F8E8409B7D /* QueueSheet.swift */ = {isa = PBXFileReference; lastKnownFileType = sourcecode.swift; path = QueueSheet.swift; sourceTree = "<group>"; };
		8EB13B92B70F6884D323E5FF /* FidoApprovalState.swift */ = {isa = PBXFileReference; lastKnownFileType = sourcecode.swift; path = FidoApprovalState.swift; sourceTree = "<group>"; };
		97D6534BE4C1B5E0BEA90A5A /* Workspace.swift */ = {isa = PBXFileReference; lastKnownFileType = sourcecode.swift; path = Workspace.swift; sourceTree = "<group>"; };
		A636998B83DD23C5D2688C2D /* RunningMissionsBar.swift */ = {isa = PBXFileReference; lastKnownFileType = sourcecode.swift; path = RunningMissionsBar.swift; sourceTree = "<group>"; };
		AABA66FA1F19D379397ABA68 /* TerminalView.swift */ = {isa = PBXFileReference; lastKnownFileType = sourcecode.swift; path = TerminalView.swift; sourceTree = "<group>"; };
		ADBAC1664CAF3CD9DCCDB8B4 /* WorkspaceState.swift */ = {isa = PBXFileReference; lastKnownFileType = sourcecode.swift; path = WorkspaceState.swift; sourceTree = "<group>"; };
		B920E504080EAEEA7CFD5201 /* ToolUIModels.swift */ = {isa = PBXFileReference; lastKnownFileType = sourcecode.swift; path = ToolUIModels.swift; sourceTree = "<group>"; };
		C0E02066E781D088A194C232 /* ControlPerformanceDiagnostics.swift */ = {isa = PBXFileReference; lastKnownFileType = sourcecode.swift; path = ControlPerformanceDiagnostics.swift; sourceTree = "<group>"; };
		C433FADB27AED6165D3EE2E4 /* HistoryView.swift */ = {isa = PBXFileReference; lastKnownFileType = sourcecode.swift; path = HistoryView.swift; sourceTree = "<group>"; };
		C4B973A9078E4E085D489E93 /* SlashCommandSuggestions.swift */ = {isa = PBXFileReference; lastKnownFileType = sourcecode.swift; path = SlashCommandSuggestions.swift; sourceTree = "<group>"; };
		CAC389FA8B9B5C969E606A22 /* Backend.swift */ = {isa = PBXFileReference; lastKnownFileType = sourcecode.swift; path = Backend.swift; sourceTree = "<group>"; };
		CCD9630B60B3E470E64B1AB4 /* FidoSignRequest.swift */ = {isa = PBXFileReference; lastKnownFileType = sourcecode.swift; path = FidoSignRequest.swift; sourceTree = "<group>"; };
		D17889CB07B4A4285DD87C30 /* PhosphorIcon.swift */ = {isa = PBXFileReference; lastKnownFileType = sourcecode.swift; path = PhosphorIcon.swift; sourceTree = "<group>"; };
		D2E4AC8C92D9F496B8152B8F /* ControlView.swift */ = {isa = PBXFileReference; lastKnownFileType = sourcecode.swift; path = ControlView.swift; sourceTree = "<group>"; };
		D81DFFD4B67ABE07FB546B2B /* GlassButton.swift */ = {isa = PBXFileReference; lastKnownFileType = sourcecode.swift; path = GlassButton.swift; sourceTree = "<group>"; };
		D9E023EEFFFA9B1092B66006 /* ANSIParser.swift */ = {isa = PBXFileReference; lastKnownFileType = sourcecode.swift; path = ANSIParser.swift; sourceTree = "<group>"; };
		E4CA8C69928B3838868EE34A /* AnyCodable.swift */ = {isa = PBXFileReference; lastKnownFileType = sourcecode.swift; path = AnyCodable.swift; sourceTree = "<group>"; };
		EB3EDA65C036030CC45BAD0E /* NavigationState.swift */ = {isa = PBXFileReference; lastKnownFileType = sourcecode.swift; path = NavigationState.swift; sourceTree = "<group>"; };
		EFD2C112534D498211B26C38 /* NetworkMonitor.swift */ = {isa = PBXFileReference; lastKnownFileType = sourcecode.swift; path = NetworkMonitor.swift; sourceTree = "<group>"; };
		F53686D00374BEDA33228269 /* ToolUIDataTableView.swift */ = {isa = PBXFileReference; lastKnownFileType = sourcecode.swift; path = ToolUIDataTableView.swift; sourceTree = "<group>"; };
		F6993AD59CA0D7392AAACDC2 /* BackendAgentService.swift */ = {isa = PBXFileReference; lastKnownFileType = sourcecode.swift; path = BackendAgentService.swift; sourceTree = "<group>"; };
		F77025B7F25E968FE5757E18 /* ChatHistoryReducer.swift */ = {isa = PBXFileReference; lastKnownFileType = sourcecode.swift; path = ChatHistoryReducer.swift; sourceTree = "<group>"; };
		FCD083A671640B2F286D7C06 /* ToolUIOptionListView.swift */ = {isa = PBXFileReference; lastKnownFileType = sourcecode.swift; path = ToolUIOptionListView.swift; sourceTree = "<group>"; };
		FF491A4406AFF7E284592477 /* ToolUIView.swift */ = {isa = PBXFileReference; lastKnownFileType = sourcecode.swift; path = ToolUIView.swift; sourceTree = "<group>"; };
/* End PBXFileReference section */

/* Begin PBXGroup section */
		04136BE3D92AE400B09C5462 /* Files */ = {
			isa = PBXGroup;
			children = (
				8D9C3868787C973C5B65DFCD /* FilesView.swift */,
			);
			path = Files;
			sourceTree = "<group>";
		};
		057719CAD3366030137C44B3 /* Products */ = {
			isa = PBXGroup;
			children = (
				1C19E1741AE5E4A19BDAAB98 /* SandboxedDashboard.app */,
				4802677F01F1504267EC2BE2 /* SandboxedDashboardTests.xctest */,
			);
			name = Products;
			sourceTree = "<group>";
		};
		1B4F5983589F1F81E1CDE71A /* Desktop */ = {
			isa = PBXGroup;
			children = (
				880FCB82E3B58C3C3C6DABD6 /* DesktopStreamView.swift */,
			);
			path = Desktop;
			sourceTree = "<group>";
		};
		39B9469E602F8BD41799B337 /* FidoApproval */ = {
			isa = PBXGroup;
			children = (
				22EA3B4E94755F7712ED534F /* AutoApprovalRulesView.swift */,
				62B73495CB5FE8A01851005A /* FidoApprovalOverlay.swift */,
			);
			path = FidoApproval;
			sourceTree = "<group>";
		};
		50FE02040F839BB2D8F3184B /* Views */ = {
			isa = PBXGroup;
			children = (
				6064CFC98B156B54304C4737 /* Components */,
				A56099201CA62E59BEC74589 /* Control */,
				1B4F5983589F1F81E1CDE71A /* Desktop */,
				39B9469E602F8BD41799B337 /* FidoApproval */,
				04136BE3D92AE400B09C5462 /* Files */,
				DA63D97B804AFD44A1D1BFF3 /* History */,
				D104E1B7D32CBCD873A2C0EA /* Settings */,
				A2D731F9852E4B1A58365B5D /* Terminal */,
				9018DD0662733D22A4BADF1E /* Workspaces */,
			);
			path = Views;
			sourceTree = "<group>";
		};
		6064CFC98B156B54304C4737 /* Components */ = {
			isa = PBXGroup;
			children = (
				D81DFFD4B67ABE07FB546B2B /* GlassButton.swift */,
				27F5D3EB21B6FF298AF5CD32 /* GlassCard.swift */,
				4CC2B6E9848FF220F103DED2 /* LoadingView.swift */,
				76082CCC47D9D91308F4AE10 /* MarkdownView.swift */,
				D17889CB07B4A4285DD87C30 /* PhosphorIcon.swift */,
				A636998B83DD23C5D2688C2D /* RunningMissionsBar.swift */,
				C4B973A9078E4E085D489E93 /* SlashCommandSuggestions.swift */,
				28244CFFEB655FD5E5F3EB17 /* StatusBadge.swift */,
				1FF9A2A12846A5FFB3FC7497 /* WorkerPeekView.swift */,
				2A514C239AAC192BD2AE8038 /* WorkerPillView.swift */,
				081ACA60E04DBCB6E7313072 /* WorkerSheetView.swift */,
				D99EC9DCFB8CE3EEAD759135 /* ToolUI */,
			);
			path = Components;
			sourceTree = "<group>";
		};
		674820312EC4ABC11AB70921 /* Services */ = {
			isa = PBXGroup;
			children = (
				D9E023EEFFFA9B1092B66006 /* ANSIParser.swift */,
				55F4658A2D65748FC7AC5DE3 /* APIService.swift */,
				F6993AD59CA0D7392AAACDC2 /* BackendAgentService.swift */,
				C0E02066E781D088A194C232 /* ControlPerformanceDiagnostics.swift */,
				3BE62F9666647C1F41F15251 /* DesktopStreamService.swift */,
				8EB13B92B70F6884D323E5FF /* FidoApprovalState.swift */,
				1C4A3F89D6619F821ED8143D /* ImageMemoryCache.swift */,
				EB3EDA65C036030CC45BAD0E /* NavigationState.swift */,
				EFD2C112534D498211B26C38 /* NetworkMonitor.swift */,
				6922E2F0E17EDB3A8400D473 /* TerminalState.swift */,
				ADBAC1664CAF3CD9DCCDB8B4 /* WorkspaceState.swift */,
			);
			path = Services;
			sourceTree = "<group>";
		};
		6DBC9AF3F2EFD0B5057A2EB6 /* SandboxedDashboard */ = {
			isa = PBXGroup;
			children = (
				750C4C8090EAD0168794EEE4 /* Assets.xcassets */,
				3B74AB5DF6829813AE79229D /* ContentView.swift */,
				778CFF752239E44DB252DB96 /* Info.plist */,
				305649B3AA9B35712500F01B /* SandboxedDashboard.entitlements */,
				8080D5ADF84794AFE484FE17 /* SandboxedDashboardApp.swift */,
				EAD5A795BFC1E242F3BE79F3 /* DesignSystem */,
				D560C1D458C4AE6C0235C367 /* Models */,
				674820312EC4ABC11AB70921 /* Services */,
				50FE02040F839BB2D8F3184B /* Views */,
			);
			path = SandboxedDashboard;
			sourceTree = "<group>";
		};
		9018DD0662733D22A4BADF1E /* Workspaces */ = {
			isa = PBXGroup;
			children = (
				384691169D9EC024B03AA57F /* WorkspacesView.swift */,
			);
			path = Workspaces;
			sourceTree = "<group>";
		};
		9402FD943158ED3148A81A0C = {
			isa = PBXGroup;
			children = (
				6DBC9AF3F2EFD0B5057A2EB6 /* SandboxedDashboard */,
				A5A307A24CE6E469C4A2FA0D /* SandboxedDashboardTests */,
				057719CAD3366030137C44B3 /* Products */,
			);
			sourceTree = "<group>";
		};
		A2D731F9852E4B1A58365B5D /* Terminal */ = {
			isa = PBXGroup;
			children = (
				AABA66FA1F19D379397ABA68 /* TerminalView.swift */,
			);
			path = Terminal;
			sourceTree = "<group>";
		};
		A56099201CA62E59BEC74589 /* Control */ = {
			isa = PBXGroup;
			children = (
				2A33016C6075CC02E61C315A /* AutomationsView.swift */,
				D2E4AC8C92D9F496B8152B8F /* ControlView.swift */,
				1834CB7B575220FDE7679F7B /* NewMissionSheet.swift */,
				8EAAE29E81F160F8E8409B7D /* QueueSheet.swift */,
			);
			path = Control;
			sourceTree = "<group>";
		};
		A5A307A24CE6E469C4A2FA0D /* SandboxedDashboardTests */ = {
			isa = PBXGroup;
			children = (
				7559F3F4553AD74130B1BC34 /* ModelTests.swift */,
				1828D2FC9160FC8677E10502 /* NetworkResilienceTests.swift */,
				0C2AB7D53F29AB97345FA4DA /* ThemeTests.swift */,
			);
			path = SandboxedDashboardTests;
			sourceTree = "<group>";
		};
		D104E1B7D32CBCD873A2C0EA /* Settings */ = {
			isa = PBXGroup;
			children = (
				8600F588B036A2D57AEC9FC6 /* SettingsView.swift */,
			);
			path = Settings;
			sourceTree = "<group>";
		};
		D560C1D458C4AE6C0235C367 /* Models */ = {
			isa = PBXGroup;
			children = (
				E4CA8C69928B3838868EE34A /* AnyCodable.swift */,
				7BF62094FF29193B33EC7009 /* Automation.swift */,
				CAC389FA8B9B5C969E606A22 /* Backend.swift */,
				F77025B7F25E968FE5757E18 /* ChatHistoryReducer.swift */,
				370F364BA05D1236D9B630AB /* ChatMessage.swift */,
				CCD9630B60B3E470E64B1AB4 /* FidoSignRequest.swift */,
				492E8CF2E0A3AEF64A472C85 /* FileEntry.swift */,
				0C6DBBABC4AE0FD4368A185C /* Mission.swift */,
				97D6534BE4C1B5E0BEA90A5A /* Workspace.swift */,
			);
			path = Models;
			sourceTree = "<group>";
		};
		D99EC9DCFB8CE3EEAD759135 /* ToolUI */ = {
			isa = PBXGroup;
			children = (
				F53686D00374BEDA33228269 /* ToolUIDataTableView.swift */,
				B920E504080EAEEA7CFD5201 /* ToolUIModels.swift */,
				FCD083A671640B2F286D7C06 /* ToolUIOptionListView.swift */,
				FF491A4406AFF7E284592477 /* ToolUIView.swift */,
			);
			path = ToolUI;
			sourceTree = "<group>";
		};
		DA63D97B804AFD44A1D1BFF3 /* History */ = {
			isa = PBXGroup;
			children = (
				C433FADB27AED6165D3EE2E4 /* HistoryView.swift */,
			);
			path = History;
			sourceTree = "<group>";
		};
		EAD5A795BFC1E242F3BE79F3 /* DesignSystem */ = {
			isa = PBXGroup;
			children = (
				018CEF52A93FCF430A128017 /* Theme.swift */,
			);
			path = DesignSystem;
			sourceTree = "<group>";
		};
/* End PBXGroup section */

/* Begin PBXNativeTarget section */
		AAACA90456A4A22561940B6B /* SandboxedDashboard */ = {
			isa = PBXNativeTarget;
			buildConfigurationList = 640B1F4E3BFED53BEE229DDD /* Build configuration list for PBXNativeTarget "SandboxedDashboard" */;
			buildPhases = (
				0BDFA08AE981DAA650DC8A0F /* Sources */,
				51B6144C323B887343527263 /* Resources */,
			);
			buildRules = (
			);
			dependencies = (
			);
			name = SandboxedDashboard;
			packageProductDependencies = (
			);
			productName = SandboxedDashboard;
			productReference = 1C19E1741AE5E4A19BDAAB98 /* SandboxedDashboard.app */;
			productType = "com.apple.product-type.application";
		};
		C50B6EE186DD640BD408EEA7 /* SandboxedDashboardTests */ = {
			isa = PBXNativeTarget;
			buildConfigurationList = 3D5069157CBCFF3627981814 /* Build configuration list for PBXNativeTarget "SandboxedDashboardTests" */;
			buildPhases = (
				4AE70645908D524F19D8C6ED /* Sources */,
			);
			buildRules = (
			);
			dependencies = (
				A7EED4AADD2EC2E53F54C503 /* PBXTargetDependency */,
			);
			name = SandboxedDashboardTests;
			packageProductDependencies = (
			);
			productName = SandboxedDashboardTests;
			productReference = 4802677F01F1504267EC2BE2 /* SandboxedDashboardTests.xctest */;
			productType = "com.apple.product-type.bundle.unit-test";
		};
/* End PBXNativeTarget section */

/* Begin PBXProject section */
		89907ABAA4D1648BF3F7ADB0 /* Project object */ = {
			isa = PBXProject;
			attributes = {
				BuildIndependentTargetsInParallel = YES;
				LastUpgradeCheck = 1600;
				TargetAttributes = {
					AAACA90456A4A22561940B6B = {
						ProvisioningStyle = Automatic;
					};
					C50B6EE186DD640BD408EEA7 = {
						ProvisioningStyle = Automatic;
					};
				};
			};
			buildConfigurationList = 210E554B4D49DD6F4EE7F3FD /* Build configuration list for PBXProject "SandboxedDashboard" */;
			compatibilityVersion = "Xcode 14.0";
			developmentRegion = en;
			hasScannedForEncodings = 0;
			knownRegions = (
				Base,
				en,
			);
			mainGroup = 9402FD943158ED3148A81A0C;
			minimizedProjectReferenceProxies = 1;
			preferredProjectObjectVersion = 77;
			projectDirPath = "";
			projectRoot = "";
			targets = (
				AAACA90456A4A22561940B6B /* SandboxedDashboard */,
				C50B6EE186DD640BD408EEA7 /* SandboxedDashboardTests */,
			);
		};
/* End PBXProject section */

/* Begin PBXResourcesBuildPhase section */
		51B6144C323B887343527263 /* Resources */ = {
			isa = PBXResourcesBuildPhase;
			buildActionMask = 2147483647;
			files = (
				3A706E457E3E27DA1B69E152 /* Assets.xcassets in Resources */,
			);
			runOnlyForDeploymentPostprocessing = 0;
		};
/* End PBXResourcesBuildPhase section */

/* Begin PBXSourcesBuildPhase section */
		0BDFA08AE981DAA650DC8A0F /* Sources */ = {
			isa = PBXSourcesBuildPhase;
			buildActionMask = 2147483647;
			files = (
				92B85FBB5B9B4B0F6ECFCFFA /* ANSIParser.swift in Sources */,
				7E46D4311CFAF1F7A90E9AAD /* APIService.swift in Sources */,
				0D00520E1A6F2454E3B18A7F /* AnyCodable.swift in Sources */,
				9F25FE105BF6D4B40CCFD938 /* AutoApprovalRulesView.swift in Sources */,
				0530E5793E17B5BFB15E808A /* Automation.swift in Sources */,
				D5968B6DE2272A9C8C3A4A0E /* AutomationsView.swift in Sources */,
				F6B883AB96DE0FFF99A2A614 /* Backend.swift in Sources */,
				BFD7D29C1F46E9F130A05F34 /* BackendAgentService.swift in Sources */,
				3481363ED532A70935FA6B9E /* ChatHistoryReducer.swift in Sources */,
				B6263AC356BE51962E2D0145 /* ChatMessage.swift in Sources */,
				66E208F9D4759B79ED653374 /* ContentView.swift in Sources */,
				FBDD57881D09ECF86F7152EE /* ControlPerformanceDiagnostics.swift in Sources */,
				5D1FB1BE4D58CC95A500B684 /* ControlView.swift in Sources */,
				B3680EB29951C459A8C8A35A /* DesktopStreamService.swift in Sources */,
				8573A897FBBC1697AE1AA7BA /* DesktopStreamView.swift in Sources */,
				50EBDCFBA58915481F5EC995 /* FidoApprovalOverlay.swift in Sources */,
				D057B578B2884C4B2B36B1C3 /* FidoApprovalState.swift in Sources */,
				FF9AD27CB2EDBA4E942F09D4 /* FidoSignRequest.swift in Sources */,
				C7C23F6559C34034D1680FC2 /* FileEntry.swift in Sources */,
				08D9C00F453EE16A24DC9C84 /* FilesView.swift in Sources */,
				40C09530EC6F9C083B5474C4 /* GlassButton.swift in Sources */,
				C159E476E057E6691D1E0E85 /* GlassCard.swift in Sources */,
				07ED817585C2EE9A5E11C851 /* HistoryView.swift in Sources */,
				85E2D1C0C810F9A6435F06AE /* ImageMemoryCache.swift in Sources */,
				48ADF499E7EE67D254FBE45A /* LoadingView.swift in Sources */,
				F14B1635CFA8338A1C733CAD /* MarkdownView.swift in Sources */,
				BAA09895377937393FF864A7 /* Mission.swift in Sources */,
				9380357DC269257F9E693388 /* NavigationState.swift in Sources */,
				110C67FF7A62B86FB7AD4CD0 /* NetworkMonitor.swift in Sources */,
				D0646F9EE2D2E984F0446C57 /* NewMissionSheet.swift in Sources */,
				B2C28CDD378203A229D62B9B /* PhosphorIcon.swift in Sources */,
				51E9D9F51934DFC8EAD58CDC /* QueueSheet.swift in Sources */,
				95B7AB5DBEB42E107EBE06FB /* RunningMissionsBar.swift in Sources */,
				6846AB79778CDF4CC216B7D1 /* SandboxedDashboardApp.swift in Sources */,
				A9B4F30DDAD9DBAEB009F77B /* SettingsView.swift in Sources */,
				8CFF9CE3602771549F982D58 /* SlashCommandSuggestions.swift in Sources */,
				CA5C6851DB279D7305EF2A91 /* StatusBadge.swift in Sources */,
				692C694570F45D74CCBAC75B /* TerminalState.swift in Sources */,
				DEEC0DB78E50196BEEA6AFC1 /* TerminalView.swift in Sources */,
				71559C7052796FED7EBACF3F /* Theme.swift in Sources */,
				9C775C43A7241C017EF4484D /* ToolUIDataTableView.swift in Sources */,
				9F85D6D0E63005146E29B331 /* ToolUIModels.swift in Sources */,
				58D2BEEDF2B4B34B3B98487C /* ToolUIOptionListView.swift in Sources */,
				4A639CAB6EE0ED8079A721C2 /* ToolUIView.swift in Sources */,
				708B491B7A83A6648C03CA8A /* WorkerPeekView.swift in Sources */,
				094CD000ADB23893099CC839 /* WorkerPillView.swift in Sources */,
				6A15DF1CBD6B0A3716B9FE94 /* WorkerSheetView.swift in Sources */,
				4F14A189BFE75A1CA225B797 /* Workspace.swift in Sources */,
				EB7DDF2652018CBEBD1D3F52 /* WorkspaceState.swift in Sources */,
				1750DD5DC204F7506E885D83 /* WorkspacesView.swift in Sources */,
			);
			runOnlyForDeploymentPostprocessing = 0;
		};
		4AE70645908D524F19D8C6ED /* Sources */ = {
			isa = PBXSourcesBuildPhase;
			buildActionMask = 2147483647;
			files = (
				46420BF679A3BD9FD381FB0A /* ModelTests.swift in Sources */,
				2BBA61051DFCB7A780604B87 /* NetworkResilienceTests.swift in Sources */,
				7EF75A17733EE6E54126C7A7 /* ThemeTests.swift in Sources */,
			);
			runOnlyForDeploymentPostprocessing = 0;
		};
/* End PBXSourcesBuildPhase section */

/* Begin PBXTargetDependency section */
		A7EED4AADD2EC2E53F54C503 /* PBXTargetDependency */ = {
			isa = PBXTargetDependency;
			target = AAACA90456A4A22561940B6B /* SandboxedDashboard */;
			targetProxy = 30D2F203A820EED8B3DE2898 /* PBXContainerItemProxy */;
		};
/* End PBXTargetDependency section */

/* Begin XCBuildConfiguration section */
		0037757594D408F4FE3B394E /* Debug */ = {
			isa = XCBuildConfiguration;
			buildSettings = {
				ALWAYS_SEARCH_USER_PATHS = NO;
				CLANG_ANALYZER_NONNULL = YES;
				CLANG_ANALYZER_NUMBER_OBJECT_CONVERSION = YES_AGGRESSIVE;
				CLANG_CXX_LANGUAGE_STANDARD = "gnu++14";
				CLANG_CXX_LIBRARY = "libc++";
				CLANG_ENABLE_MODULES = YES;
				CLANG_ENABLE_OBJC_ARC = YES;
				CLANG_ENABLE_OBJC_WEAK = YES;
				CLANG_WARN_BLOCK_CAPTURE_AUTORELEASING = YES;
				CLANG_WARN_BOOL_CONVERSION = YES;
				CLANG_WARN_COMMA = YES;
				CLANG_WARN_CONSTANT_CONVERSION = YES;
				CLANG_WARN_DEPRECATED_OBJC_IMPLEMENTATIONS = YES;
				CLANG_WARN_DIRECT_OBJC_ISA_USAGE = YES_ERROR;
				CLANG_WARN_DOCUMENTATION_COMMENTS = YES;
				CLANG_WARN_EMPTY_BODY = YES;
				CLANG_WARN_ENUM_CONVERSION = YES;
				CLANG_WARN_INFINITE_RECURSION = YES;
				CLANG_WARN_INT_CONVERSION = YES;
				CLANG_WARN_NON_LITERAL_NULL_CONVERSION = YES;
				CLANG_WARN_OBJC_IMPLICIT_RETAIN_SELF = YES;
				CLANG_WARN_OBJC_LITERAL_CONVERSION = YES;
				CLANG_WARN_OBJC_ROOT_CLASS = YES_ERROR;
				CLANG_WARN_QUOTED_INCLUDE_IN_FRAMEWORK_HEADER = YES;
				CLANG_WARN_RANGE_LOOP_ANALYSIS = YES;
				CLANG_WARN_STRICT_PROTOTYPES = YES;
				CLANG_WARN_SUSPICIOUS_MOVE = YES;
				CLANG_WARN_UNGUARDED_AVAILABILITY = YES_AGGRESSIVE;
				CLANG_WARN_UNREACHABLE_CODE = YES;
				CLANG_WARN__DUPLICATE_METHOD_MATCH = YES;
				CODE_SIGN_STYLE = Automatic;
				COPY_PHASE_STRIP = NO;
				DEBUG_INFORMATION_FORMAT = dwarf;
				ENABLE_PREVIEWS = YES;
				ENABLE_STRICT_OBJC_MSGSEND = YES;
				ENABLE_TESTABILITY = YES;
				GCC_C_LANGUAGE_STANDARD = gnu11;
				GCC_DYNAMIC_NO_PIC = NO;
				GCC_NO_COMMON_BLOCKS = YES;
				GCC_OPTIMIZATION_LEVEL = 0;
				GCC_PREPROCESSOR_DEFINITIONS = (
					"$(inherited)",
					"DEBUG=1",
				);
				GCC_WARN_64_TO_32_BIT_CONVERSION = YES;
				GCC_WARN_ABOUT_RETURN_TYPE = YES_ERROR;
				GCC_WARN_UNDECLARED_SELECTOR = YES;
				GCC_WARN_UNINITIALIZED_AUTOS = YES_AGGRESSIVE;
				GCC_WARN_UNUSED_FUNCTION = YES;
				GCC_WARN_UNUSED_VARIABLE = YES;
				IPHONEOS_DEPLOYMENT_TARGET = 18.0;
				MTL_ENABLE_DEBUG_INFO = INCLUDE_SOURCE;
				MTL_FAST_MATH = YES;
				ONLY_ACTIVE_ARCH = YES;
				PRODUCT_NAME = "$(TARGET_NAME)";
				SDKROOT = iphoneos;
				SWIFT_ACTIVE_COMPILATION_CONDITIONS = DEBUG;
				SWIFT_OPTIMIZATION_LEVEL = "-Onone";
				SWIFT_VERSION = 6.0;
			};
			name = Debug;
		};
		82D460974130C682A3E1E34E /* Debug */ = {
			isa = XCBuildConfiguration;
			buildSettings = {
				BUNDLE_LOADER = "$(TEST_HOST)";
				GENERATE_INFOPLIST_FILE = YES;
				IPHONEOS_DEPLOYMENT_TARGET = 18.0;
				LD_RUNPATH_SEARCH_PATHS = (
					"$(inherited)",
					"@executable_path/Frameworks",
					"@loader_path/Frameworks",
				);
				PRODUCT_BUNDLE_IDENTIFIER = md.thomas.openagent.dashboard.tests;
				PRODUCT_NAME = SandboxedDashboardTests;
				SDKROOT = iphoneos;
				TARGETED_DEVICE_FAMILY = "1,2";
				TEST_HOST = "$(BUILT_PRODUCTS_DIR)/sandboxed.sh.app/$(BUNDLE_EXECUTABLE_FOLDER_PATH)/sandboxed.sh";
			};
			name = Debug;
		};
		8C8EAD06F422706D5016CAAE /* Release */ = {
			isa = XCBuildConfiguration;
			buildSettings = {
				ASSETCATALOG_COMPILER_APPICON_NAME = AppIcon;
				ASSETCATALOG_COMPILER_GLOBAL_ACCENT_COLOR_NAME = AccentColor;
				CODE_SIGN_ENTITLEMENTS = SandboxedDashboard/SandboxedDashboard.entitlements;
				CODE_SIGN_IDENTITY = "iPhone Developer";
				GENERATE_INFOPLIST_FILE = NO;
				INFOPLIST_FILE = SandboxedDashboard/Info.plist;
				IPHONEOS_DEPLOYMENT_TARGET = 18.0;
				LD_RUNPATH_SEARCH_PATHS = (
					"$(inherited)",
					"@executable_path/Frameworks",
				);
				PRODUCT_BUNDLE_IDENTIFIER = md.thomas.openagent.dashboard;
				PRODUCT_NAME = sandboxed.sh;
				SDKROOT = iphoneos;
				SWIFT_EMIT_LOC_STRINGS = YES;
				TARGETED_DEVICE_FAMILY = "1,2";
			};
			name = Release;
		};
		9EE7D2DC6546B7B54FAC22B8 /* Debug */ = {
			isa = XCBuildConfiguration;
			buildSettings = {
				ASSETCATALOG_COMPILER_APPICON_NAME = AppIcon;
				ASSETCATALOG_COMPILER_GLOBAL_ACCENT_COLOR_NAME = AccentColor;
				CODE_SIGN_ENTITLEMENTS = SandboxedDashboard/SandboxedDashboard.entitlements;
				CODE_SIGN_IDENTITY = "iPhone Developer";
				GENERATE_INFOPLIST_FILE = NO;
				INFOPLIST_FILE = SandboxedDashboard/Info.plist;
				IPHONEOS_DEPLOYMENT_TARGET = 18.0;
				LD_RUNPATH_SEARCH_PATHS = (
					"$(inherited)",
					"@executable_path/Frameworks",
				);
				PRODUCT_BUNDLE_IDENTIFIER = md.thomas.openagent.dashboard;
				PRODUCT_NAME = sandboxed.sh;
				SDKROOT = iphoneos;
				SWIFT_EMIT_LOC_STRINGS = YES;
				TARGETED_DEVICE_FAMILY = "1,2";
			};
			name = Debug;
		};
		BFF34051A60871A4A83EFFFE /* Release */ = {
			isa = XCBuildConfiguration;
			buildSettings = {
				ALWAYS_SEARCH_USER_PATHS = NO;
				CLANG_ANALYZER_NONNULL = YES;
				CLANG_ANALYZER_NUMBER_OBJECT_CONVERSION = YES_AGGRESSIVE;
				CLANG_CXX_LANGUAGE_STANDARD = "gnu++14";
				CLANG_CXX_LIBRARY = "libc++";
				CLANG_ENABLE_MODULES = YES;
				CLANG_ENABLE_OBJC_ARC = YES;
				CLANG_ENABLE_OBJC_WEAK = YES;
				CLANG_WARN_BLOCK_CAPTURE_AUTORELEASING = YES;
				CLANG_WARN_BOOL_CONVERSION = YES;
				CLANG_WARN_COMMA = YES;
				CLANG_WARN_CONSTANT_CONVERSION = YES;
				CLANG_WARN_DEPRECATED_OBJC_IMPLEMENTATIONS = YES;
				CLANG_WARN_DIRECT_OBJC_ISA_USAGE = YES_ERROR;
				CLANG_WARN_DOCUMENTATION_COMMENTS = YES;
				CLANG_WARN_EMPTY_BODY = YES;
				CLANG_WARN_ENUM_CONVERSION = YES;
				CLANG_WARN_INFINITE_RECURSION = YES;
				CLANG_WARN_INT_CONVERSION = YES;
				CLANG_WARN_NON_LITERAL_NULL_CONVERSION = YES;
				CLANG_WARN_OBJC_IMPLICIT_RETAIN_SELF = YES;
				CLANG_WARN_OBJC_LITERAL_CONVERSION = YES;
				CLANG_WARN_OBJC_ROOT_CLASS = YES_ERROR;
				CLANG_WARN_QUOTED_INCLUDE_IN_FRAMEWORK_HEADER = YES;
				CLANG_WARN_RANGE_LOOP_ANALYSIS = YES;
				CLANG_WARN_STRICT_PROTOTYPES = YES;
				CLANG_WARN_SUSPICIOUS_MOVE = YES;
				CLANG_WARN_UNGUARDED_AVAILABILITY = YES_AGGRESSIVE;
				CLANG_WARN_UNREACHABLE_CODE = YES;
				CLANG_WARN__DUPLICATE_METHOD_MATCH = YES;
				CODE_SIGN_STYLE = Automatic;
				COPY_PHASE_STRIP = NO;
				DEBUG_INFORMATION_FORMAT = "dwarf-with-dsym";
				ENABLE_NS_ASSERTIONS = NO;
				ENABLE_PREVIEWS = YES;
				ENABLE_STRICT_OBJC_MSGSEND = YES;
				GCC_C_LANGUAGE_STANDARD = gnu11;
				GCC_NO_COMMON_BLOCKS = YES;
				GCC_WARN_64_TO_32_BIT_CONVERSION = YES;
				GCC_WARN_ABOUT_RETURN_TYPE = YES_ERROR;
				GCC_WARN_UNDECLARED_SELECTOR = YES;
				GCC_WARN_UNINITIALIZED_AUTOS = YES_AGGRESSIVE;
				GCC_WARN_UNUSED_FUNCTION = YES;
				GCC_WARN_UNUSED_VARIABLE = YES;
				IPHONEOS_DEPLOYMENT_TARGET = 18.0;
				MTL_ENABLE_DEBUG_INFO = NO;
				MTL_FAST_MATH = YES;
				PRODUCT_NAME = "$(TARGET_NAME)";
				SDKROOT = iphoneos;
				SWIFT_COMPILATION_MODE = wholemodule;
				SWIFT_OPTIMIZATION_LEVEL = "-O";
				SWIFT_VERSION = 6.0;
			};
			name = Release;
		};
		F2D4B4EF1E0822D4A7B99DD4 /* Release */ = {
			isa = XCBuildConfiguration;
			buildSettings = {
				BUNDLE_LOADER = "$(TEST_HOST)";
				GENERATE_INFOPLIST_FILE = YES;
				IPHONEOS_DEPLOYMENT_TARGET = 18.0;
				LD_RUNPATH_SEARCH_PATHS = (
					"$(inherited)",
					"@executable_path/Frameworks",
					"@loader_path/Frameworks",
				);
				PRODUCT_BUNDLE_IDENTIFIER = md.thomas.openagent.dashboard.tests;
				PRODUCT_NAME = SandboxedDashboardTests;
				SDKROOT = iphoneos;
				TARGETED_DEVICE_FAMILY = "1,2";
				TEST_HOST = "$(BUILT_PRODUCTS_DIR)/sandboxed.sh.app/$(BUNDLE_EXECUTABLE_FOLDER_PATH)/sandboxed.sh";
			};
			name = Release;
		};
/* End XCBuildConfiguration section */

/* Begin XCConfigurationList section */
		210E554B4D49DD6F4EE7F3FD /* Build configuration list for PBXProject "SandboxedDashboard" */ = {
			isa = XCConfigurationList;
			buildConfigurations = (
				0037757594D408F4FE3B394E /* Debug */,
				BFF34051A60871A4A83EFFFE /* Release */,
			);
			defaultConfigurationIsVisible = 0;
			defaultConfigurationName = Debug;
		};
		3D5069157CBCFF3627981814 /* Build configuration list for PBXNativeTarget "SandboxedDashboardTests" */ = {
			isa = XCConfigurationList;
			buildConfigurations = (
				82D460974130C682A3E1E34E /* Debug */,
				F2D4B4EF1E0822D4A7B99DD4 /* Release */,
			);
			defaultConfigurationIsVisible = 0;
			defaultConfigurationName = Debug;
		};
		640B1F4E3BFED53BEE229DDD /* Build configuration list for PBXNativeTarget "SandboxedDashboard" */ = {
			isa = XCConfigurationList;
			buildConfigurations = (
				9EE7D2DC6546B7B54FAC22B8 /* Debug */,
				8C8EAD06F422706D5016CAAE /* Release */,
			);
			defaultConfigurationIsVisible = 0;
			defaultConfigurationName = Debug;
		};
/* End XCConfigurationList section */
	};
	rootObject = 89907ABAA4D1648BF3F7ADB0 /* Project object */;
}
